<?xml version="1.0" encoding="utf-8"?>
<Project ToolsVersion="17.0" xmlns="http://schemas.microsoft.com/developer/msbuild/2003">
  <ItemGroup>
    <ClCompile Include="C:\Users\santi\Documents\Source\c++\macro-app\build-release\macroapp_autogen\mocs_compilation_Debug.cpp">
      <Filter>Source Files</Filter>
    </ClCompile>
    <ClCompile Include="C:\Users\santi\Documents\Source\c++\macro-app\main.cpp">
      <Filter>Source Files</Filter>
    </ClCompile>
    <ClCompile Include="C:\Users\santi\Documents\Source\c++\macro-app\mainwindow.cpp">
      <Filter>Source Files</Filter>
    </ClCompile>
    <ClCompile Include="C:\Users\santi\Documents\Source\c++\macro-app\src\core\macro_engine.cpp">
      <Filter>Source Files</Filter>
    </ClCompile>
    <ClCompile Include="C:\Users\santi\Documents\Source\c++\macro-app\src\core\global_hotkeys.cpp">
      <Filter>Source Files</Filter>
    </ClCompile>
    <ClCompile Include="C:\Users\santi\Documents\Source\c++\macro-app\src\ui\settings_dialog.cpp">
      <Filter>Source Files</Filter>
    </ClCompile>
    <ClCompile Include="C:\Users\santi\Documents\Source\c++\macro-app\src\ui\insert_event_dialog.cpp">
      <Filter>Source Files</Filter>
    </ClCompile>
    <ClCompile Include="C:\Users\santi\Documents\Source\c++\macro-app\src\ui\event_delegate.cpp">
      <Filter>Source Files</Filter>
    </ClCompile>
    <ClCompile Include="C:\Users\santi\Documents\Source\c++\macro-app\src\audio\audio_decoder.cpp">
      <Filter>Source Files</Filter>
    </ClCompile>
    <ClCompile Include="C:\Users\santi\Documents\Source\c++\macro-app\build-release\macroapp_autogen\EWIEGA46WW_Debug\qrc_sounds.cpp">
      <Filter>Source Files</Filter>
    </ClCompile>
    <ClCompile Include="C:\Users\santi\Documents\Source\c++\macro-app\build-release\macroapp_autogen\mocs_compilation_Release.cpp">
      <Filter>Source Files</Filter>
    </ClCompile>
    <ClCompile Include="C:\Users\santi\Documents\Source\c++\macro-app\build-release\macroapp_autogen\EWIEGA46WW_Release\qrc_sounds.cpp">
      <Filter>Source Files</Filter>
    </ClCompile>
    <ClCompile Include="C:\Users\santi\Documents\Source\c++\macro-app\build-release\macroapp_autogen\mocs_compilation_MinSizeRel.cpp">
      <Filter>Source Files</Filter>
    </ClCompile>
    <ClCompile Include="C:\Users\santi\Documents\Source\c++\macro-app\build-release\macroapp_autogen\EWIEGA46WW_MinSizeRel\qrc_sounds.cpp">
      <Filter>Source Files</Filter>
    </ClCompile>
    <ClCompile Include="C:\Users\santi\Documents\Source\c++\macro-app\build-release\macroapp_autogen\mocs_compilation_RelWithDebInfo.cpp">
      <Filter>Source Files</Filter>
    </ClCompile>
    <ClCompile Include="C:\Users\santi\Documents\Source\c++\macro-app\build-release\macroapp_autogen\EWIEGA46WW_RelWithDebInfo\qrc_sounds.cpp">
      <Filter>Source Files</Filter>
    </ClCompile>
  </ItemGroup>
  <ItemGroup>
    <ClInclude Include="C:\Users\santi\Documents\Source\c++\macro-app\mainwindow.h">
      <Filter>Header Files</Filter>
    </ClInclude>
    <ClInclude Include="C:\Users\santi\Documents\Source\c++\macro-app\src\core\macro_engine.h">
      <Filter>Header Files</Filter>
    </ClInclude>
    <ClInclude Include="C:\Users\santi\Documents\Source\c++\macro-app\src\core\global_hotkeys.h">
      <Filter>Header Files</Filter>
    </ClInclude>
    <ClInclude Include="C:\Users\santi\Documents\Source\c++\macro-app\src\ui\settings_dialog.h">
      <Filter>Header Files</Filter>
    </ClInclude>
    <ClInclude Include="C:\Users\santi\Documents\Source\c++\macro-app\src\ui\insert_event_dialog.h">
      <Filter>Header Files</Filter>
    </ClInclude>
    <ClInclude Include="C:\Users\santi\Documents\Source\c++\macro-app\src\ui\event_delegate.h">
      <Filter>Header Files</Filter>
    </ClInclude>
    <ClInclude Include="C:\Users\santi\Documents\Source\c++\macro-app\src\audio\audio_decoder.h">
      <Filter>Header Files</Filter>
    </ClInclude>
    <ClInclude Include="C:\Users\santi\Documents\Source\c++\macro-app\build-release\macroapp_autogen\include_Debug\ui_mainwindow.h">
      <Filter>Header Files</Filter>
    </ClInclude>
    <ClInclude Include="C:\Users\santi\Documents\Source\c++\macro-app\build-release\macroapp_autogen\include_Debug\src\ui\ui_settings_dialog.h">
      <Filter>Header Files</Filter>
    </ClInclude>
    <ClInclude Include="C:\Users\santi\Documents\Source\c++\macro-app\build-release\macroapp_autogen\include_Debug\src\ui\ui_insert_event_dialog.h">
      <Filter>Header Files</Filter>
    </ClInclude>
    <ClInclude Include="C:\Users\santi\Documents\Source\c++\macro-app\build-release\macroapp_autogen\include_Release\ui_mainwindow.h">
      <Filter>Header Files</Filter>
    </ClInclude>
    <ClInclude Include="C:\Users\santi\Documents\Source\c++\macro-app\build-release\macroapp_autogen\include_Release\src\ui\ui_settings_dialog.h">
      <Filter>Header Files</Filter>
    </ClInclude>
    <ClInclude Include="C:\Users\santi\Documents\Source\c++\macro-app\build-release\macroapp_autogen\include_Release\src\ui\ui_insert_event_dialog.h">
      <Filter>Header Files</Filter>
    </ClInclude>
    <ClInclude Include="C:\Users\santi\Documents\Source\c++\macro-app\build-release\macroapp_autogen\include_MinSizeRel\ui_mainwindow.h">
      <Filter>Header Files</Filter>
    </ClInclude>
    <ClInclude Include="C:\Users\santi\Documents\Source\c++\macro-app\build-release\macroapp_autogen\include_MinSizeRel\src\ui\ui_settings_dialog.h">
      <Filter>Header Files</Filter>
    </ClInclude>
    <ClInclude Include="C:\Users\santi\Documents\Source\c++\macro-app\build-release\macroapp_autogen\include_MinSizeRel\src\ui\ui_insert_event_dialog.h">
      <Filter>Header Files</Filter>
    </ClInclude>
    <ClInclude Include="C:\Users\santi\Documents\Source\c++\macro-app\build-release\macroapp_autogen\include_RelWithDebInfo\ui_mainwindow.h">
      <Filter>Header Files</Filter>
    </ClInclude>
    <ClInclude Include="C:\Users\santi\Documents\Source\c++\macro-app\build-release\macroapp_autogen\include_RelWithDebInfo\src\ui\ui_settings_dialog.h">
      <Filter>Header Files</Filter>
    </ClInclude>
    <ClInclude Include="C:\Users\santi\Documents\Source\c++\macro-app\build-release\macroapp_autogen\include_RelWithDebInfo\src\ui\ui_insert_event_dialog.h">
      <Filter>Header Files</Filter>
    </ClInclude>
  </ItemGroup>
  <ItemGroup>
    <CustomBuild Include="C:\Users\santi\Documents\Source\c++\macro-app\build-release\CMakeFiles\0ecec11983026575165f4f3584418800\autouic_(CONFIG).stamp.rule">
      <Filter>CMake Rules</Filter>
    </CustomBuild>
    <CustomBuild Include="C:\Users\santi\Documents\Source\c++\macro-app\build-release\CMakeFiles\08ed88b9795a11c3ddc6e22ab314c424\qrc_sounds.cpp.rule">
      <Filter>CMake Rules</Filter>
    </CustomBuild>
    <CustomBuild Include="C:\Users\santi\Documents\Source\c++\macro-app\CMakeLists.txt" />
  </ItemGroup>
  <ItemGroup>
    <None Include="C:\Users\santi\Documents\Source\c++\macro-app\mainwindow.ui" />
    <None Include="C:\Users\santi\Documents\Source\c++\macro-app\src\ui\settings_dialog.ui" />
    <None Include="C:\Users\santi\Documents\Source\c++\macro-app\src\ui\insert_event_dialog.ui" />
    <None Include="C:\Users\santi\Documents\Source\c++\macro-app\sounds.qrc" />
    <None Include="C:\Users\santi\Documents\Source\c++\macro-app\build-release\macroapp_autogen\autouic_Debug.stamp" />
    <None Include="C:\Users\santi\Documents\Source\c++\macro-app\build-release\macroapp_autogen\autouic_Release.stamp" />
    <None Include="C:\Users\santi\Documents\Source\c++\macro-app\build-release\macroapp_autogen\autouic_MinSizeRel.stamp" />
    <None Include="C:\Users\santi\Documents\Source\c++\macro-app\build-release\macroapp_autogen\autouic_RelWithDebInfo.stamp" />
  </ItemGroup>
  <ItemGroup>
    <Filter Include="CMake Rules">
      <UniqueIdentifier>{36454D0D-3B7C-3DF6-A28A-0D2494022AB3}</UniqueIdentifier>
    </Filter>
    <Filter Include="Header Files">
      <UniqueIdentifier>{5734C311-708A-35B6-BC1C-36AEC718F911}</UniqueIdentifier>
    </Filter>
    <Filter Include="Source Files">
      <UniqueIdentifier>{64CC16F1-BEAD-3125-8D48-2486803DE35E}</UniqueIdentifier>
    </Filter>
  </ItemGroup>
</Project>
